
Microsoft Visual Studio Solution File, Format Version 12.00
# Visual Studio Version 17
VisualStudioVersion = 17.14.36310.24 d17.14
MinimumVisualStudioVersion = 10.0.40219.1
Project("{FAE04EC0-301F-11D3-BF4B-00C04F79EFBC}") = "ConsoleApp1", "ConsoleApp1\ConsoleApp1.csproj", "{E751609F-A3EC-4B74-8CB8-E67C4CDA189F}"
EndProject
Global
	GlobalSection(SolutionConfigurationPlatforms) = preSolution
		Debug|Any CPU = Debug|Any CPU
		Release|Any CPU = Release|Any CPU
	EndGlobalSection
	GlobalSection(ProjectConfigurationPlatforms) = postSolution
		{E751609F-A3EC-4B74-8CB8-E67C4CDA189F}.Debug|Any CPU.ActiveCfg = Debug|Any CPU
		{E751609F-A3EC-4B74-8CB8-E67C4CDA189F}.Debug|Any CPU.Build.0 = Debug|Any CPU
		{E751609F-A3EC-4B74-8CB8-E67C4CDA189F}.Release|Any CPU.ActiveCfg = Release|Any CPU
		{E751609F-A3EC-4B74-8CB8-E67C4CDA189F}.Release|Any CPU.Build.0 = Release|Any CPU
	EndGlobalSection
	GlobalSection(SolutionProperties) = preSolution
		HideSolutionNode = FALSE
	EndGlobalSection
	GlobalSection(ExtensibilityGlobals) = postSolution
		SolutionGuid = {D1137E6B-4A73-49AC-A40D-2E42A4FA1717}
	EndGlobalSection
EndGlobal
